
Microsoft Visual Studio Solution File, Format Version 12.00
# Visual Studio Version 16
VisualStudioVersion = 16.0.29519.181
MinimumVisualStudioVersion = 10.0.40219.1
Project("{FAE04EC0-301F-11D3-BF4B-00C04F79EFBC}") = "TwRedistribution", "TwRedistribution\TwRedistribution.csproj", "{CCDAF1F5-B741-4629-9D44-09E2161974C3}"
EndProject
Project("{FAE04EC0-301F-11D3-BF4B-00C04F79EFBC}") = "TW_Controls", "..\RS_Controls\TW_Controls.csproj", "{75CD6C32-C479-43BD-A76A-734F6E97632E}"
EndProject
Global
	GlobalSection(SolutionConfigurationPlatforms) = preSolution
		Debug|Any CPU = Debug|Any CPU
		Debug|x64 = Debug|x64
		Release|Any CPU = Release|Any CPU
		Release|x64 = Release|x64
	EndGlobalSection
	GlobalSection(ProjectConfigurationPlatforms) = postSolution
		{CCDAF1F5-B741-4629-9D44-09E2161974C3}.Debug|Any CPU.ActiveCfg = Release|x64
		{CCDAF1F5-B741-4629-9D44-09E2161974C3}.Debug|Any CPU.Build.0 = Release|x64
		{CCDAF1F5-B741-4629-9D44-09E2161974C3}.Debug|x64.ActiveCfg = Release|x64
		{CCDAF1F5-B741-4629-9D44-09E2161974C3}.Debug|x64.Build.0 = Release|x64
		{CCDAF1F5-B741-4629-9D44-09E2161974C3}.Release|Any CPU.ActiveCfg = Debug|x64
		{CCDAF1F5-B741-4629-9D44-09E2161974C3}.Release|Any CPU.Build.0 = Debug|x64
		{CCDAF1F5-B741-4629-9D44-09E2161974C3}.Release|x64.ActiveCfg = Debug|x64
		{CCDAF1F5-B741-4629-9D44-09E2161974C3}.Release|x64.Build.0 = Debug|x64
		{75CD6C32-C479-43BD-A76A-734F6E97632E}.Debug|Any CPU.ActiveCfg = Debug|Any CPU
		{75CD6C32-C479-43BD-A76A-734F6E97632E}.Debug|Any CPU.Build.0 = Debug|Any CPU
		{75CD6C32-C479-43BD-A76A-734F6E97632E}.Debug|x64.ActiveCfg = Debug|x64
		{75CD6C32-C479-43BD-A76A-734F6E97632E}.Debug|x64.Build.0 = Debug|x64
		{75CD6C32-C479-43BD-A76A-734F6E97632E}.Release|Any CPU.ActiveCfg = Release|Any CPU
		{75CD6C32-C479-43BD-A76A-734F6E97632E}.Release|Any CPU.Build.0 = Release|Any CPU
		{75CD6C32-C479-43BD-A76A-734F6E97632E}.Release|x64.ActiveCfg = Release|x64
		{75CD6C32-C479-43BD-A76A-734F6E97632E}.Release|x64.Build.0 = Release|x64
	EndGlobalSection
	GlobalSection(SolutionProperties) = preSolution
		HideSolutionNode = FALSE
	EndGlobalSection
	GlobalSection(ExtensibilityGlobals) = postSolution
		SolutionGuid = {C99DD5A1-CEA2-4527-A604-88EA41245005}
	EndGlobalSection
EndGlobal
